// !$*UTF8*$!
{
	archiveVersion = 1;
	classes = {
	};
	objectVersion = 56;
	objects = {

/* Begin PBXBuildFile section */
		1E4C095D2AA3B04B0094244C /* ThunderstormApp.swift in Sources */ = {isa = PBXBuildFile; fileRef = 1E4C095C2AA3B04B0094244C /* ThunderstormApp.swift */; };
		1E4C09612AA3B04C0094244C /* Assets.xcassets in Resources */ = {isa = PBXBuildFile; fileRef = 1E4C09602AA3B04C0094244C /* Assets.xcassets */; };
		1E4C09642AA3B04C0094244C /* Preview Assets.xcassets in Resources */ = {isa = PBXBuildFile; fileRef = 1E4C09632AA3B04C0094244C /* Preview Assets.xcassets */; };
		1E4C096F2AA3B1BF0094244C /* LocationsView.swift in Sources */ = {isa = PBXBuildFile; fileRef = 1E4C096E2AA3B1BF0094244C /* LocationsView.swift */; };
		1E4C09722AA3B2170094244C /* LocationsViewModel.swift in Sources */ = {isa = PBXBuildFile; fileRef = 1E4C09712AA3B2170094244C /* LocationsViewModel.swift */; };
		1E4C09752AA3BE2B0094244C /* Location.swift in Sources */ = {isa = PBXBuildFile; fileRef = 1E4C09742AA3BE2B0094244C /* Location.swift */; };
		1E4C09772AA3C3D20094244C /* LocationCellViewModel.swift in Sources */ = {isa = PBXBuildFile; fileRef = 1E4C09762AA3C3D20094244C /* LocationCellViewModel.swift */; };
		1E4C09792AA3D66A0094244C /* LocationCell.swift in Sources */ = {isa = PBXBuildFile; fileRef = 1E4C09782AA3D66A0094244C /* LocationCell.swift */; };
		1E4C097C2AA542490094244C /* LocationView.swift in Sources */ = {isa = PBXBuildFile; fileRef = 1E4C097B2AA542490094244C /* LocationView.swift */; };
		1E4C097F2AA542B20094244C /* LocationViewModel.swift in Sources */ = {isa = PBXBuildFile; fileRef = 1E4C097E2AA542B20094244C /* LocationViewModel.swift */; };
		1E4C09832AA544360094244C /* CurrentConditionsView.swift in Sources */ = {isa = PBXBuildFile; fileRef = 1E4C09822AA544360094244C /* CurrentConditionsView.swift */; };
		1E4C09852AA544420094244C /* CurrentConditionViewModel.swift in Sources */ = {isa = PBXBuildFile; fileRef = 1E4C09842AA544420094244C /* CurrentConditionViewModel.swift */; };
		1E4C09872AA544BE0094244C /* ForecastView.swift in Sources */ = {isa = PBXBuildFile; fileRef = 1E4C09862AA544BE0094244C /* ForecastView.swift */; };
		1E4C09892AA544C90094244C /* ForecastViewModel.swift in Sources */ = {isa = PBXBuildFile; fileRef = 1E4C09882AA544C90094244C /* ForecastViewModel.swift */; };
		1E4C098B2AA553140094244C /* ForecastCell.swift in Sources */ = {isa = PBXBuildFile; fileRef = 1E4C098A2AA553140094244C /* ForecastCell.swift */; };
		1E4C098D2AA55C960094244C /* ForecastCellViewModel.swift in Sources */ = {isa = PBXBuildFile; fileRef = 1E4C098C2AA55C960094244C /* ForecastCellViewModel.swift */; };
		1E7528FF2ACD7C2A00B20066 /* GeocodingService.swift in Sources */ = {isa = PBXBuildFile; fileRef = 1E7528FE2ACD7C2A00B20066 /* GeocodingService.swift */; };
		1E7529012ACD7C9C00B20066 /* GeocodePreviewClient.swift in Sources */ = {isa = PBXBuildFile; fileRef = 1E7529002ACD7C9C00B20066 /* GeocodePreviewClient.swift */; };
		1E7529032ACD7CFC00B20066 /* GeocodingClient.swift in Sources */ = {isa = PBXBuildFile; fileRef = 1E7529022ACD7CFC00B20066 /* GeocodingClient.swift */; };
		1E7529052ACD98E500B20066 /* Geocoder.swift in Sources */ = {isa = PBXBuildFile; fileRef = 1E7529042ACD98E500B20066 /* Geocoder.swift */; };
		1E7529082ACD9B8F00B20066 /* CLGeocoder+Geocoder.swift in Sources */ = {isa = PBXBuildFile; fileRef = 1E7529072ACD9B8F00B20066 /* CLGeocoder+Geocoder.swift */; };
		1E9927052ACB58CF00F9103C /* AddLocationCell.swift in Sources */ = {isa = PBXBuildFile; fileRef = 1E9927042ACB58CF00F9103C /* AddLocationCell.swift */; };
		1E9927072ACB5DB400F9103C /* AddLocationCellViewModel.swift in Sources */ = {isa = PBXBuildFile; fileRef = 1E9927062ACB5DB400F9103C /* AddLocationCellViewModel.swift */; };
		1EA416792AB46B17003E5ADD /* Colors.swift in Sources */ = {isa = PBXBuildFile; fileRef = 1EA416782AB46B17003E5ADD /* Colors.swift */; };
		1EF180062AB5B35100E165C9 /* AddLocationView.swift in Sources */ = {isa = PBXBuildFile; fileRef = 1EF180052AB5B35100E165C9 /* AddLocationView.swift */; };
		1EF180092AB5B3E300E165C9 /* AddLocationViewModel.swift in Sources */ = {isa = PBXBuildFile; fileRef = 1EF180082AB5B3E300E165C9 /* AddLocationViewModel.swift */; };
/* End PBXBuildFile section */

/* Begin PBXFileReference section */
		1E4C09592AA3B04B0094244C /* Thunderstorm.app */ = {isa = PBXFileReference; explicitFileType = wrapper.application; includeInIndex = 0; path = Thunderstorm.app; sourceTree = BUILT_PRODUCTS_DIR; };
		1E4C095C2AA3B04B0094244C /* ThunderstormApp.swift */ = {isa = PBXFileReference; lastKnownFileType = sourcecode.swift; path = ThunderstormApp.swift; sourceTree = "<group>"; };
		1E4C09602AA3B04C0094244C /* Assets.xcassets */ = {isa = PBXFileReference; lastKnownFileType = folder.assetcatalog; path = Assets.xcassets; sourceTree = "<group>"; };
		1E4C09632AA3B04C0094244C /* Preview Assets.xcassets */ = {isa = PBXFileReference; lastKnownFileType = folder.assetcatalog; path = "Preview Assets.xcassets"; sourceTree = "<group>"; };
		1E4C096E2AA3B1BF0094244C /* LocationsView.swift */ = {isa = PBXFileReference; lastKnownFileType = sourcecode.swift; path = LocationsView.swift; sourceTree = "<group>"; };
		1E4C09712AA3B2170094244C /* LocationsViewModel.swift */ = {isa = PBXFileReference; lastKnownFileType = sourcecode.swift; path = LocationsViewModel.swift; sourceTree = "<group>"; };
		1E4C09742AA3BE2B0094244C /* Location.swift */ = {isa = PBXFileReference; lastKnownFileType = sourcecode.swift; path = Location.swift; sourceTree = "<group>"; };
		1E4C09762AA3C3D20094244C /* LocationCellViewModel.swift */ = {isa = PBXFileReference; lastKnownFileType = sourcecode.swift; path = LocationCellViewModel.swift; sourceTree = "<group>"; };
		1E4C09782AA3D66A0094244C /* LocationCell.swift */ = {isa = PBXFileReference; lastKnownFileType = sourcecode.swift; path = LocationCell.swift; sourceTree = "<group>"; };
		1E4C097B2AA542490094244C /* LocationView.swift */ = {isa = PBXFileReference; lastKnownFileType = sourcecode.swift; path = LocationView.swift; sourceTree = "<group>"; };
		1E4C097E2AA542B20094244C /* LocationViewModel.swift */ = {isa = PBXFileReference; lastKnownFileType = sourcecode.swift; path = LocationViewModel.swift; sourceTree = "<group>"; };
		1E4C09822AA544360094244C /* CurrentConditionsView.swift */ = {isa = PBXFileReference; lastKnownFileType = sourcecode.swift; path = CurrentConditionsView.swift; sourceTree = "<group>"; };
		1E4C09842AA544420094244C /* CurrentConditionViewModel.swift */ = {isa = PBXFileReference; lastKnownFileType = sourcecode.swift; path = CurrentConditionViewModel.swift; sourceTree = "<group>"; };
		1E4C09862AA544BE0094244C /* ForecastView.swift */ = {isa = PBXFileReference; lastKnownFileType = sourcecode.swift; path = ForecastView.swift; sourceTree = "<group>"; };
		1E4C09882AA544C90094244C /* ForecastViewModel.swift */ = {isa = PBXFileReference; lastKnownFileType = sourcecode.swift; path = ForecastViewModel.swift; sourceTree = "<group>"; };
		1E4C098A2AA553140094244C /* ForecastCell.swift */ = {isa = PBXFileReference; lastKnownFileType = sourcecode.swift; path = ForecastCell.swift; sourceTree = "<group>"; };
		1E4C098C2AA55C960094244C /* ForecastCellViewModel.swift */ = {isa = PBXFileReference; lastKnownFileType = sourcecode.swift; path = ForecastCellViewModel.swift; sourceTree = "<group>"; };
		1E7528FE2ACD7C2A00B20066 /* GeocodingService.swift */ = {isa = PBXFileReference; lastKnownFileType = sourcecode.swift; path = GeocodingService.swift; sourceTree = "<group>"; };
		1E7529002ACD7C9C00B20066 /* GeocodePreviewClient.swift */ = {isa = PBXFileReference; lastKnownFileType = sourcecode.swift; path = GeocodePreviewClient.swift; sourceTree = "<group>"; };
		1E7529022ACD7CFC00B20066 /* GeocodingClient.swift */ = {isa = PBXFileReference; lastKnownFileType = sourcecode.swift; path = GeocodingClient.swift; sourceTree = "<group>"; };
		1E7529042ACD98E500B20066 /* Geocoder.swift */ = {isa = PBXFileReference; lastKnownFileType = sourcecode.swift; path = Geocoder.swift; sourceTree = "<group>"; };
		1E7529072ACD9B8F00B20066 /* CLGeocoder+Geocoder.swift */ = {isa = PBXFileReference; lastKnownFileType = sourcecode.swift; path = "CLGeocoder+Geocoder.swift"; sourceTree = "<group>"; };
		1E9927042ACB58CF00F9103C /* AddLocationCell.swift */ = {isa = PBXFileReference; lastKnownFileType = sourcecode.swift; path = AddLocationCell.swift; sourceTree = "<group>"; };
		1E9927062ACB5DB400F9103C /* AddLocationCellViewModel.swift */ = {isa = PBXFileReference; lastKnownFileType = sourcecode.swift; path = AddLocationCellViewModel.swift; sourceTree = "<group>"; };
		1EA416782AB46B17003E5ADD /* Colors.swift */ = {isa = PBXFileReference; lastKnownFileType = sourcecode.swift; path = Colors.swift; sourceTree = "<group>"; };
		1EF180052AB5B35100E165C9 /* AddLocationView.swift */ = {isa = PBXFileReference; lastKnownFileType = sourcecode.swift; path = AddLocationView.swift; sourceTree = "<group>"; };
		1EF180082AB5B3E300E165C9 /* AddLocationViewModel.swift */ = {isa = PBXFileReference; lastKnownFileType = sourcecode.swift; path = AddLocationViewModel.swift; sourceTree = "<group>"; };
/* End PBXFileReference section */

/* Begin PBXFrameworksBuildPhase section */
		1E4C09562AA3B04B0094244C /* Frameworks */ = {
			isa = PBXFrameworksBuildPhase;
			buildActionMask = 2147483647;
			files = (
			);
			runOnlyForDeploymentPostprocessing = 0;
		};
/* End PBXFrameworksBuildPhase section */

/* Begin PBXGroup section */
		1E4C09502AA3B04B0094244C = {
			isa = PBXGroup;
			children = (
				1E4C095B2AA3B04B0094244C /* Thunderstorm */,
				1E4C095A2AA3B04B0094244C /* Products */,
			);
			sourceTree = "<group>";
		};
		1E4C095A2AA3B04B0094244C /* Products */ = {
			isa = PBXGroup;
			children = (
				1E4C09592AA3B04B0094244C /* Thunderstorm.app */,
			);
			name = Products;
			sourceTree = "<group>";
		};
		1E4C095B2AA3B04B0094244C /* Thunderstorm */ = {
			isa = PBXGroup;
			children = (
				1E7529062ACD9B6900B20066 /* Extensions */,
				1E7528FD2ACD7B6B00B20066 /* Geocoding */,
				1E4C09732AA3BE120094244C /* Models */,
				1E4C096C2AA3B09D0094244C /* App */,
				1E4C096B2AA3B0820094244C /* Views */,
				1E4C096A2AA3B0780094244C /* Resources */,
				1E4C09622AA3B04C0094244C /* Preview Content */,
			);
			path = Thunderstorm;
			sourceTree = "<group>";
		};
		1E4C09622AA3B04C0094244C /* Preview Content */ = {
			isa = PBXGroup;
			children = (
				1E4C09632AA3B04C0094244C /* Preview Assets.xcassets */,
			);
			path = "Preview Content";
			sourceTree = "<group>";
		};
		1E4C096A2AA3B0780094244C /* Resources */ = {
			isa = PBXGroup;
			children = (
				1E4C09602AA3B04C0094244C /* Assets.xcassets */,
				1EA416782AB46B17003E5ADD /* Colors.swift */,
			);
			path = Resources;
			sourceTree = "<group>";
		};
		1E4C096B2AA3B0820094244C /* Views */ = {
			isa = PBXGroup;
			children = (
				1EF180042AB5B32800E165C9 /* AddLocation */,
				1E4C097A2AA542330094244C /* Location */,
				1E4C096D2AA3B1A30094244C /* Locations */,
			);
			path = Views;
			sourceTree = "<group>";
		};
		1E4C096C2AA3B09D0094244C /* App */ = {
			isa = PBXGroup;
			children = (
				1E4C095C2AA3B04B0094244C /* ThunderstormApp.swift */,
			);
			path = App;
			sourceTree = "<group>";
		};
		1E4C096D2AA3B1A30094244C /* Locations */ = {
			isa = PBXGroup;
			children = (
				1E4C096E2AA3B1BF0094244C /* LocationsView.swift */,
				1E4C09782AA3D66A0094244C /* LocationCell.swift */,
				1E4C09702AA3B1F40094244C /* ViewModels */,
			);
			path = Locations;
			sourceTree = "<group>";
		};
		1E4C09702AA3B1F40094244C /* ViewModels */ = {
			isa = PBXGroup;
			children = (
				1E4C09712AA3B2170094244C /* LocationsViewModel.swift */,
				1E4C09762AA3C3D20094244C /* LocationCellViewModel.swift */,
			);
			path = ViewModels;
			sourceTree = "<group>";
		};
		1E4C09732AA3BE120094244C /* Models */ = {
			isa = PBXGroup;
			children = (
				1E4C09742AA3BE2B0094244C /* Location.swift */,
			);
			path = Models;
			sourceTree = "<group>";
		};
		1E4C097A2AA542330094244C /* Location */ = {
			isa = PBXGroup;
			children = (
				1E4C097B2AA542490094244C /* LocationView.swift */,
				1E4C09822AA544360094244C /* CurrentConditionsView.swift */,
				1E4C09862AA544BE0094244C /* ForecastView.swift */,
				1E4C098A2AA553140094244C /* ForecastCell.swift */,
				1E4C097D2AA542640094244C /* ViewModels */,
			);
			path = Location;
			sourceTree = "<group>";
		};
		1E4C097D2AA542640094244C /* ViewModels */ = {
			isa = PBXGroup;
			children = (
				1E4C097E2AA542B20094244C /* LocationViewModel.swift */,
				1E4C09842AA544420094244C /* CurrentConditionViewModel.swift */,
				1E4C09882AA544C90094244C /* ForecastViewModel.swift */,
				1E4C098C2AA55C960094244C /* ForecastCellViewModel.swift */,
			);
			path = ViewModels;
			sourceTree = "<group>";
		};
		1E7528FD2ACD7B6B00B20066 /* Geocoding */ = {
			isa = PBXGroup;
			children = (
				1E7528FE2ACD7C2A00B20066 /* GeocodingService.swift */,
				1E7529002ACD7C9C00B20066 /* GeocodePreviewClient.swift */,
				1E7529022ACD7CFC00B20066 /* GeocodingClient.swift */,
				1E7529042ACD98E500B20066 /* Geocoder.swift */,
			);
			path = Geocoding;
			sourceTree = "<group>";
		};
		1E7529062ACD9B6900B20066 /* Extensions */ = {
			isa = PBXGroup;
			children = (
				1E7529072ACD9B8F00B20066 /* CLGeocoder+Geocoder.swift */,
			);
			path = Extensions;
			sourceTree = "<group>";
		};
		1EF180042AB5B32800E165C9 /* AddLocation */ = {
			isa = PBXGroup;
			children = (
				1EF180052AB5B35100E165C9 /* AddLocationView.swift */,
				1E9927042ACB58CF00F9103C /* AddLocationCell.swift */,
				1EF180072AB5B3AB00E165C9 /* ViewModels */,
			);
			path = AddLocation;
			sourceTree = "<group>";
		};
		1EF180072AB5B3AB00E165C9 /* ViewModels */ = {
			isa = PBXGroup;
			children = (
				1EF180082AB5B3E300E165C9 /* AddLocationViewModel.swift */,
				1E9927062ACB5DB400F9103C /* AddLocationCellViewModel.swift */,
			);
			path = ViewModels;
			sourceTree = "<group>";
		};
/* End PBXGroup section */

/* Begin PBXNativeTarget section */
		1E4C09582AA3B04B0094244C /* Thunderstorm */ = {
			isa = PBXNativeTarget;
			buildConfigurationList = 1E4C09672AA3B04C0094244C /* Build configuration list for PBXNativeTarget "Thunderstorm" */;
			buildPhases = (
				1E4C09552AA3B04B0094244C /* Sources */,
				1E4C09562AA3B04B0094244C /* Frameworks */,
				1E4C09572AA3B04B0094244C /* Resources */,
			);
			buildRules = (
			);
			dependencies = (
			);
			name = Thunderstorm;
			productName = Thunderstorm;
			productReference = 1E4C09592AA3B04B0094244C /* Thunderstorm.app */;
			productType = "com.apple.product-type.application";
		};
/* End PBXNativeTarget section */

/* Begin PBXProject section */
		1E4C09512AA3B04B0094244C /* Project object */ = {
			isa = PBXProject;
			attributes = {
				BuildIndependentTargetsInParallel = 1;
				LastSwiftUpdateCheck = 1430;
				LastUpgradeCheck = 1430;
				TargetAttributes = {
					1E4C09582AA3B04B0094244C = {
						CreatedOnToolsVersion = 14.3.1;
					};
				};
			};
			buildConfigurationList = 1E4C09542AA3B04B0094244C /* Build configuration list for PBXProject "Thunderstorm" */;
			compatibilityVersion = "Xcode 14.0";
			developmentRegion = en;
			hasScannedForEncodings = 0;
			knownRegions = (
				en,
				Base,
			);
			mainGroup = 1E4C09502AA3B04B0094244C;
			productRefGroup = 1E4C095A2AA3B04B0094244C /* Products */;
			projectDirPath = "";
			projectRoot = "";
			targets = (
				1E4C09582AA3B04B0094244C /* Thunderstorm */,
			);
		};
/* End PBXProject section */

/* Begin PBXResourcesBuildPhase section */
		1E4C09572AA3B04B0094244C /* Resources */ = {
			isa = PBXResourcesBuildPhase;
			buildActionMask = 2147483647;
			files = (
				1E4C09642AA3B04C0094244C /* Preview Assets.xcassets in Resources */,
				1E4C09612AA3B04C0094244C /* Assets.xcassets in Resources */,
			);
			runOnlyForDeploymentPostprocessing = 0;
		};
/* End PBXResourcesBuildPhase section */

/* Begin PBXSourcesBuildPhase section */
		1E4C09552AA3B04B0094244C /* Sources */ = {
			isa = PBXSourcesBuildPhase;
			buildActionMask = 2147483647;
			files = (
				1E9927052ACB58CF00F9103C /* AddLocationCell.swift in Sources */,
				1E7529012ACD7C9C00B20066 /* GeocodePreviewClient.swift in Sources */,
				1E7528FF2ACD7C2A00B20066 /* GeocodingService.swift in Sources */,
				1E4C09792AA3D66A0094244C /* LocationCell.swift in Sources */,
				1E9927072ACB5DB400F9103C /* AddLocationCellViewModel.swift in Sources */,
				1EA416792AB46B17003E5ADD /* Colors.swift in Sources */,
				1E7529082ACD9B8F00B20066 /* CLGeocoder+Geocoder.swift in Sources */,
				1E4C096F2AA3B1BF0094244C /* LocationsView.swift in Sources */,
				1E4C09872AA544BE0094244C /* ForecastView.swift in Sources */,
				1E4C095D2AA3B04B0094244C /* ThunderstormApp.swift in Sources */,
				1E4C09752AA3BE2B0094244C /* Location.swift in Sources */,
				1E7529052ACD98E500B20066 /* Geocoder.swift in Sources */,
				1E4C09852AA544420094244C /* CurrentConditionViewModel.swift in Sources */,
				1EF180092AB5B3E300E165C9 /* AddLocationViewModel.swift in Sources */,
				1E4C097C2AA542490094244C /* LocationView.swift in Sources */,
				1E4C09832AA544360094244C /* CurrentConditionsView.swift in Sources */,
				1E7529032ACD7CFC00B20066 /* GeocodingClient.swift in Sources */,
				1E4C09722AA3B2170094244C /* LocationsViewModel.swift in Sources */,
				1E4C098D2AA55C960094244C /* ForecastCellViewModel.swift in Sources */,
				1E4C09892AA544C90094244C /* ForecastViewModel.swift in Sources */,
				1E4C09772AA3C3D20094244C /* LocationCellViewModel.swift in Sources */,
				1E4C098B2AA553140094244C /* ForecastCell.swift in Sources */,
				1EF180062AB5B35100E165C9 /* AddLocationView.swift in Sources */,
				1E4C097F2AA542B20094244C /* LocationViewModel.swift in Sources */,
			);
			runOnlyForDeploymentPostprocessing = 0;
		};
/* End PBXSourcesBuildPhase section */

/* Begin XCBuildConfiguration section */
		1E4C09652AA3B04C0094244C /* Debug */ = {
			isa = XCBuildConfiguration;
			buildSettings = {
				ALWAYS_SEARCH_USER_PATHS = NO;
				CLANG_ANALYZER_NONNULL = YES;
				CLANG_ANALYZER_NUMBER_OBJECT_CONVERSION = YES_AGGRESSIVE;
				CLANG_CXX_LANGUAGE_STANDARD = "gnu++20";
				CLANG_ENABLE_MODULES = YES;
				CLANG_ENABLE_OBJC_ARC = YES;
				CLANG_ENABLE_OBJC_WEAK = YES;
				CLANG_WARN_BLOCK_CAPTURE_AUTORELEASING = YES;
				CLANG_WARN_BOOL_CONVERSION = YES;
				CLANG_WARN_COMMA = YES;
				CLANG_WARN_CONSTANT_CONVERSION = YES;
				CLANG_WARN_DEPRECATED_OBJC_IMPLEMENTATIONS = YES;
				CLANG_WARN_DIRECT_OBJC_ISA_USAGE = YES_ERROR;
				CLANG_WARN_DOCUMENTATION_COMMENTS = YES;
				CLANG_WARN_EMPTY_BODY = YES;
				CLANG_WARN_ENUM_CONVERSION = YES;
				CLANG_WARN_INFINITE_RECURSION = YES;
				CLANG_WARN_INT_CONVERSION = YES;
				CLANG_WARN_NON_LITERAL_NULL_CONVERSION = YES;
				CLANG_WARN_OBJC_IMPLICIT_RETAIN_SELF = YES;
				CLANG_WARN_OBJC_LITERAL_CONVERSION = YES;
				CLANG_WARN_OBJC_ROOT_CLASS = YES_ERROR;
				CLANG_WARN_QUOTED_INCLUDE_IN_FRAMEWORK_HEADER = YES;
				CLANG_WARN_RANGE_LOOP_ANALYSIS = YES;
				CLANG_WARN_STRICT_PROTOTYPES = YES;
				CLANG_WARN_SUSPICIOUS_MOVE = YES;
				CLANG_WARN_UNGUARDED_AVAILABILITY = YES_AGGRESSIVE;
				CLANG_WARN_UNREACHABLE_CODE = YES;
				CLANG_WARN__DUPLICATE_METHOD_MATCH = YES;
				COPY_PHASE_STRIP = NO;
				DEBUG_INFORMATION_FORMAT = dwarf;
				ENABLE_STRICT_OBJC_MSGSEND = YES;
				ENABLE_TESTABILITY = YES;
				GCC_C_LANGUAGE_STANDARD = gnu11;
				GCC_DYNAMIC_NO_PIC = NO;
				GCC_NO_COMMON_BLOCKS = YES;
				GCC_OPTIMIZATION_LEVEL = 0;
				GCC_PREPROCESSOR_DEFINITIONS = (
					"DEBUG=1",
					"$(inherited)",
				);
				GCC_WARN_64_TO_32_BIT_CONVERSION = YES;
				GCC_WARN_ABOUT_RETURN_TYPE = YES_ERROR;
				GCC_WARN_UNDECLARED_SELECTOR = YES;
				GCC_WARN_UNINITIALIZED_AUTOS = YES_AGGRESSIVE;
				GCC_WARN_UNUSED_FUNCTION = YES;
				GCC_WARN_UNUSED_VARIABLE = YES;
				IPHONEOS_DEPLOYMENT_TARGET = 16.4;
				MTL_ENABLE_DEBUG_INFO = INCLUDE_SOURCE;
				MTL_FAST_MATH = YES;
				ONLY_ACTIVE_ARCH = YES;
				SDKROOT = iphoneos;
				SWIFT_ACTIVE_COMPILATION_CONDITIONS = DEBUG;
				SWIFT_OPTIMIZATION_LEVEL = "-Onone";
			};
			name = Debug;
		};
		1E4C09662AA3B04C0094244C /* Release */ = {
			isa = XCBuildConfiguration;
			buildSettings = {
				ALWAYS_SEARCH_USER_PATHS = NO;
				CLANG_ANALYZER_NONNULL = YES;
				CLANG_ANALYZER_NUMBER_OBJECT_CONVERSION = YES_AGGRESSIVE;
				CLANG_CXX_LANGUAGE_STANDARD = "gnu++20";
				CLANG_ENABLE_MODULES = YES;
				CLANG_ENABLE_OBJC_ARC = YES;
				CLANG_ENABLE_OBJC_WEAK = YES;
				CLANG_WARN_BLOCK_CAPTURE_AUTORELEASING = YES;
				CLANG_WARN_BOOL_CONVERSION = YES;
				CLANG_WARN_COMMA = YES;
				CLANG_WARN_CONSTANT_CONVERSION = YES;
				CLANG_WARN_DEPRECATED_OBJC_IMPLEMENTATIONS = YES;
				CLANG_WARN_DIRECT_OBJC_ISA_USAGE = YES_ERROR;
				CLANG_WARN_DOCUMENTATION_COMMENTS = YES;
				CLANG_WARN_EMPTY_BODY = YES;
				CLANG_WARN_ENUM_CONVERSION = YES;
				CLANG_WARN_INFINITE_RECURSION = YES;
				CLANG_WARN_INT_CONVERSION = YES;
				CLANG_WARN_NON_LITERAL_NULL_CONVERSION = YES;
				CLANG_WARN_OBJC_IMPLICIT_RETAIN_SELF = YES;
				CLANG_WARN_OBJC_LITERAL_CONVERSION = YES;
				CLANG_WARN_OBJC_ROOT_CLASS = YES_ERROR;
				CLANG_WARN_QUOTED_INCLUDE_IN_FRAMEWORK_HEADER = YES;
				CLANG_WARN_RANGE_LOOP_ANALYSIS = YES;
				CLANG_WARN_STRICT_PROTOTYPES = YES;
				CLANG_WARN_SUSPICIOUS_MOVE = YES;
				CLANG_WARN_UNGUARDED_AVAILABILITY = YES_AGGRESSIVE;
				CLANG_WARN_UNREACHABLE_CODE = YES;
				CLANG_WARN__DUPLICATE_METHOD_MATCH = YES;
				COPY_PHASE_STRIP = NO;
				DEBUG_INFORMATION_FORMAT = "dwarf-with-dsym";
				ENABLE_NS_ASSERTIONS = NO;
				ENABLE_STRICT_OBJC_MSGSEND = YES;
				GCC_C_LANGUAGE_STANDARD = gnu11;
				GCC_NO_COMMON_BLOCKS = YES;
				GCC_WARN_64_TO_32_BIT_CONVERSION = YES;
				GCC_WARN_ABOUT_RETURN_TYPE = YES_ERROR;
				GCC_WARN_UNDECLARED_SELECTOR = YES;
				GCC_WARN_UNINITIALIZED_AUTOS = YES_AGGRESSIVE;
				GCC_WARN_UNUSED_FUNCTION = YES;
				GCC_WARN_UNUSED_VARIABLE = YES;
				IPHONEOS_DEPLOYMENT_TARGET = 16.4;
				MTL_ENABLE_DEBUG_INFO = NO;
				MTL_FAST_MATH = YES;
				SDKROOT = iphoneos;
				SWIFT_COMPILATION_MODE = wholemodule;
				SWIFT_OPTIMIZATION_LEVEL = "-O";
				VALIDATE_PRODUCT = YES;
			};
			name = Release;
		};
		1E4C09682AA3B04C0094244C /* Debug */ = {
			isa = XCBuildConfiguration;
			buildSettings = {
				ASSETCATALOG_COMPILER_APPICON_NAME = AppIcon;
				ASSETCATALOG_COMPILER_GLOBAL_ACCENT_COLOR_NAME = AccentColor;
				CODE_SIGN_STYLE = Automatic;
				CURRENT_PROJECT_VERSION = 1;
				DEVELOPMENT_ASSET_PATHS = "\"Thunderstorm/Preview Content\"";
				DEVELOPMENT_TEAM = SD9543ZPA4;
				ENABLE_PREVIEWS = YES;
				GENERATE_INFOPLIST_FILE = YES;
				INFOPLIST_KEY_UIApplicationSceneManifest_Generation = YES;
				INFOPLIST_KEY_UIApplicationSupportsIndirectInputEvents = YES;
				INFOPLIST_KEY_UILaunchScreen_Generation = YES;
				INFOPLIST_KEY_UISupportedInterfaceOrientations_iPad = "UIInterfaceOrientationPortrait UIInterfaceOrientationPortraitUpsideDown UIInterfaceOrientationLandscapeLeft UIInterfaceOrientationLandscapeRight";
				INFOPLIST_KEY_UISupportedInterfaceOrientations_iPhone = "UIInterfaceOrientationPortrait UIInterfaceOrientationLandscapeLeft UIInterfaceOrientationLandscapeRight";
				LD_RUNPATH_SEARCH_PATHS = (
					"$(inherited)",
					"@executable_path/Frameworks",
				);
				MARKETING_VERSION = 1.0;
				PRODUCT_BUNDLE_IDENTIFIER = itlabs.tec.br.Thunderstorm;
				PRODUCT_NAME = "$(TARGET_NAME)";
				SWIFT_EMIT_LOC_STRINGS = YES;
				SWIFT_VERSION = 5.0;
				TARGETED_DEVICE_FAMILY = "1,2";
			};
			name = Debug;
		};
		1E4C09692AA3B04C0094244C /* Release */ = {
			isa = XCBuildConfiguration;
			buildSettings = {
				ASSETCATALOG_COMPILER_APPICON_NAME = AppIcon;
				ASSETCATALOG_COMPILER_GLOBAL_ACCENT_COLOR_NAME = AccentColor;
				CODE_SIGN_STYLE = Automatic;
				CURRENT_PROJECT_VERSION = 1;
				DEVELOPMENT_ASSET_PATHS = "\"Thunderstorm/Preview Content\"";
				DEVELOPMENT_TEAM = SD9543ZPA4;
				ENABLE_PREVIEWS = YES;
				GENERATE_INFOPLIST_FILE = YES;
				INFOPLIST_KEY_UIApplicationSceneManifest_Generation = YES;
				INFOPLIST_KEY_UIApplicationSupportsIndirectInputEvents = YES;
				INFOPLIST_KEY_UILaunchScreen_Generation = YES;
				INFOPLIST_KEY_UISupportedInterfaceOrientations_iPad = "UIInterfaceOrientationPortrait UIInterfaceOrientationPortraitUpsideDown UIInterfaceOrientationLandscapeLeft UIInterfaceOrientationLandscapeRight";
				INFOPLIST_KEY_UISupportedInterfaceOrientations_iPhone = "UIInterfaceOrientationPortrait UIInterfaceOrientationLandscapeLeft UIInterfaceOrientationLandscapeRight";
				LD_RUNPATH_SEARCH_PATHS = (
					"$(inherited)",
					"@executable_path/Frameworks",
				);
				MARKETING_VERSION = 1.0;
				PRODUCT_BUNDLE_IDENTIFIER = itlabs.tec.br.Thunderstorm;
				PRODUCT_NAME = "$(TARGET_NAME)";
				SWIFT_EMIT_LOC_STRINGS = YES;
				SWIFT_VERSION = 5.0;
				TARGETED_DEVICE_FAMILY = "1,2";
			};
			name = Release;
		};
/* End XCBuildConfiguration section */

/* Begin XCConfigurationList section */
		1E4C09542AA3B04B0094244C /* Build configuration list for PBXProject "Thunderstorm" */ = {
			isa = XCConfigurationList;
			buildConfigurations = (
				1E4C09652AA3B04C0094244C /* Debug */,
				1E4C09662AA3B04C0094244C /* Release */,
			);
			defaultConfigurationIsVisible = 0;
			defaultConfigurationName = Release;
		};
		1E4C09672AA3B04C0094244C /* Build configuration list for PBXNativeTarget "Thunderstorm" */ = {
			isa = XCConfigurationList;
			buildConfigurations = (
				1E4C09682AA3B04C0094244C /* Debug */,
				1E4C09692AA3B04C0094244C /* Release */,
			);
			defaultConfigurationIsVisible = 0;
			defaultConfigurationName = Release;
		};
/* End XCConfigurationList section */
	};
	rootObject = 1E4C09512AA3B04B0094244C /* Project object */;
}
